
Microsoft Visual Studio Solution File, Format Version 12.00
# Visual Studio Version 17
VisualStudioVersion = 17.9.34728.123
MinimumVisualStudioVersion = 10.0.40219.1
Project("{9A19103F-16F7-4668-BE54-9A1E7A4F7556}") = "TaskManagerAPI", "TaskManager\TaskManagerAPI.csproj", "{1DCE9AF7-78DE-4965-B7C6-262F87C8C718}"
EndProject
Project("{9A19103F-16F7-4668-BE54-9A1E7A4F7556}") = "TaskManagerMVC", "TaskManagerMVC\TaskManagerMVC.csproj", "{7C752352-5521-4B31-A408-4EEDC69FE797}"
EndProject
Project("{9A19103F-16F7-4668-BE54-9A1E7A4F7556}") = "TaskManagerShared", "TaskManagerShared\TaskManagerShared.csproj", "{4A51C349-148C-42A1-9A31-76E92A112A83}"
EndProject
Global
	GlobalSection(SolutionConfigurationPlatforms) = preSolution
		Debug|Any CPU = Debug|Any CPU
		Release|Any CPU = Release|Any CPU
	EndGlobalSection
	GlobalSection(ProjectConfigurationPlatforms) = postSolution
		{1DCE9AF7-78DE-4965-B7C6-262F87C8C718}.Debug|Any CPU.ActiveCfg = Debug|Any CPU
		{1DCE9AF7-78DE-4965-B7C6-262F87C8C718}.Debug|Any CPU.Build.0 = Debug|Any CPU
		{1DCE9AF7-78DE-4965-B7C6-262F87C8C718}.Release|Any CPU.ActiveCfg = Release|Any CPU
		{1DCE9AF7-78DE-4965-B7C6-262F87C8C718}.Release|Any CPU.Build.0 = Release|Any CPU
		{7C752352-5521-4B31-A408-4EEDC69FE797}.Debug|Any CPU.ActiveCfg = Debug|Any CPU
		{7C752352-5521-4B31-A408-4EEDC69FE797}.Debug|Any CPU.Build.0 = Debug|Any CPU
		{7C752352-5521-4B31-A408-4EEDC69FE797}.Release|Any CPU.ActiveCfg = Release|Any CPU
		{7C752352-5521-4B31-A408-4EEDC69FE797}.Release|Any CPU.Build.0 = Release|Any CPU
		{4A51C349-148C-42A1-9A31-76E92A112A83}.Debug|Any CPU.ActiveCfg = Debug|Any CPU
		{4A51C349-148C-42A1-9A31-76E92A112A83}.Debug|Any CPU.Build.0 = Debug|Any CPU
		{4A51C349-148C-42A1-9A31-76E92A112A83}.Release|Any CPU.ActiveCfg = Release|Any CPU
		{4A51C349-148C-42A1-9A31-76E92A112A83}.Release|Any CPU.Build.0 = Release|Any CPU
	EndGlobalSection
	GlobalSection(SolutionProperties) = preSolution
		HideSolutionNode = FALSE
	EndGlobalSection
	GlobalSection(ExtensibilityGlobals) = postSolution
		SolutionGuid = {E5606ADF-2A1A-42B2-A457-9073EAF64E45}
	EndGlobalSection
EndGlobal
